// !$*UTF8*$!
{
	archiveVersion = 1;
	classes = {
	};
	objectVersion = 46;
	objects = {

/* Begin PBXBuildFile section */
		302958561D71640300B0BEDC /* main.m in Sources */ = {isa = PBXBuildFile; fileRef = 302958551D71640300B0BEDC /* main.m */; };
		3029585E1D71643A00B0BEDC /* LinkMapParse.m in Sources */ = {isa = PBXBuildFile; fileRef = 3029585D1D71643A00B0BEDC /* LinkMapParse.m */; };
		302958611D71948100B0BEDC /* LinkMapUtil.m in Sources */ = {isa = PBXBuildFile; fileRef = 302958601D71948100B0BEDC /* LinkMapUtil.m */; };
		304E9E7F1E542B87001CB9B0 /* ObjectLinkModel.m in Sources */ = {isa = PBXBuildFile; fileRef = 304E9E7E1E542B87001CB9B0 /* ObjectLinkModel.m */; };
/* End PBXBuildFile section */

/* Begin PBXCopyFilesBuildPhase section */
		302958501D71640300B0BEDC /* CopyFiles */ = {
			isa = PBXCopyFilesBuildPhase;
			buildActionMask = 2147483647;
			dstPath = /usr/share/man/man1/;
			dstSubfolderSpec = 0;
			files = (
			);
			runOnlyForDeploymentPostprocessing = 1;
		};
/* End PBXCopyFilesBuildPhase section */

/* Begin PBXFileReference section */
		302958521D71640300B0BEDC /* LinkSize */ = {isa = PBXFileReference; explicitFileType = "compiled.mach-o.executable"; includeInIndex = 0; path = LinkSize; sourceTree = BUILT_PRODUCTS_DIR; };
		302958551D71640300B0BEDC /* main.m */ = {isa = PBXFileReference; lastKnownFileType = sourcecode.c.objc; path = main.m; sourceTree = "<group>"; };
		3029585C1D71643A00B0BEDC /* LinkMapParse.h */ = {isa = PBXFileReference; fileEncoding = 4; lastKnownFileType = sourcecode.c.h; path = LinkMapParse.h; sourceTree = "<group>"; };
		3029585D1D71643A00B0BEDC /* LinkMapParse.m */ = {isa = PBXFileReference; fileEncoding = 4; lastKnownFileType = sourcecode.c.objc; path = LinkMapParse.m; sourceTree = "<group>"; };
		3029585F1D71948100B0BEDC /* LinkMapUtil.h */ = {isa = PBXFileReference; fileEncoding = 4; lastKnownFileType = sourcecode.c.h; path = LinkMapUtil.h; sourceTree = "<group>"; };
		302958601D71948100B0BEDC /* LinkMapUtil.m */ = {isa = PBXFileReference; fileEncoding = 4; lastKnownFileType = sourcecode.c.objc; path = LinkMapUtil.m; sourceTree = "<group>"; };
		304E9E7D1E542B87001CB9B0 /* ObjectLinkModel.h */ = {isa = PBXFileReference; fileEncoding = 4; lastKnownFileType = sourcecode.c.h; path = ObjectLinkModel.h; sourceTree = "<group>"; };
		304E9E7E1E542B87001CB9B0 /* ObjectLinkModel.m */ = {isa = PBXFileReference; fileEncoding = 4; lastKnownFileType = sourcecode.c.objc; path = ObjectLinkModel.m; sourceTree = "<group>"; };
/* End PBXFileReference section */

/* Begin PBXFrameworksBuildPhase section */
		3029584F1D71640300B0BEDC /* Frameworks */ = {
			isa = PBXFrameworksBuildPhase;
			buildActionMask = 2147483647;
			files = (
			);
			runOnlyForDeploymentPostprocessing = 0;
		};
/* End PBXFrameworksBuildPhase section */

/* Begin PBXGroup section */
		302958491D71640300B0BEDC = {
			isa = PBXGroup;
			children = (
				302958541D71640300B0BEDC /* LinkSize */,
				302958531D71640300B0BEDC /* Products */,
			);
			sourceTree = "<group>";
		};
		302958531D71640300B0BEDC /* Products */ = {
			isa = PBXGroup;
			children = (
				302958521D71640300B0BEDC /* LinkSize */,
			);
			name = Products;
			sourceTree = "<group>";
		};
		302958541D71640300B0BEDC /* LinkSize */ = {
			isa = PBXGroup;
			children = (
				302958551D71640300B0BEDC /* main.m */,
				3029585C1D71643A00B0BEDC /* LinkMapParse.h */,
				3029585D1D71643A00B0BEDC /* LinkMapParse.m */,
				3029585F1D71948100B0BEDC /* LinkMapUtil.h */,
				302958601D71948100B0BEDC /* LinkMapUtil.m */,
				304E9E7D1E542B87001CB9B0 /* ObjectLinkModel.h */,
				304E9E7E1E542B87001CB9B0 /* ObjectLinkModel.m */,
			);
			path = LinkSize;
			sourceTree = "<group>";
		};
/* End PBXGroup section */

/* Begin PBXNativeTarget section */
		302958511D71640300B0BEDC /* LinkSize */ = {
			isa = PBXNativeTarget;
			buildConfigurationList = 302958591D71640300B0BEDC /* Build configuration list for PBXNativeTarget "LinkSize" */;
			buildPhases = (
				3029584E1D71640300B0BEDC /* Sources */,
				3029584F1D71640300B0BEDC /* Frameworks */,
				302958501D71640300B0BEDC /* CopyFiles */,
			);
			buildRules = (
			);
			dependencies = (
			);
			name = LinkSize;
			productName = LinkSize;
			productReference = 302958521D71640300B0BEDC /* LinkSize */;
			productType = "com.apple.product-type.tool";
		};
/* End PBXNativeTarget section */

/* Begin PBXProject section */
		3029584A1D71640300B0BEDC /* Project object */ = {
			isa = PBXProject;
			attributes = {
				LastUpgradeCheck = 0730;
				ORGANIZATIONNAME = BruceAi;
				TargetAttributes = {
					302958511D71640300B0BEDC = {
						CreatedOnToolsVersion = 7.3;
					};
				};
			};
			buildConfigurationList = 3029584D1D71640300B0BEDC /* Build configuration list for PBXProject "LinkSize" */;
			compatibilityVersion = "Xcode 3.2";
			developmentRegion = English;
			hasScannedForEncodings = 0;
			knownRegions = (
				en,
			);
			mainGroup = 302958491D71640300B0BEDC;
			productRefGroup = 302958531D71640300B0BEDC /* Products */;
			projectDirPath = "";
			projectRoot = "";
			targets = (
				302958511D71640300B0BEDC /* LinkSize */,
			);
		};
/* End PBXProject section */

/* Begin PBXSourcesBuildPhase section */
		3029584E1D71640300B0BEDC /* Sources */ = {
			isa = PBXSourcesBuildPhase;
			buildActionMask = 2147483647;
			files = (
				3029585E1D71643A00B0BEDC /* LinkMapParse.m in Sources */,
				302958611D71948100B0BEDC /* LinkMapUtil.m in Sources */,
				304E9E7F1E542B87001CB9B0 /* ObjectLinkModel.m in Sources */,
				302958561D71640300B0BEDC /* main.m in Sources */,
			);
			runOnlyForDeploymentPostprocessing = 0;
		};
/* End PBXSourcesBuildPhase section */

/* Begin XCBuildConfiguration section */
		302958571D71640300B0BEDC /* Debug */ = {
			isa = XCBuildConfiguration;
			buildSettings = {
				ALWAYS_SEARCH_USER_PATHS = NO;
				CLANG_ANALYZER_NONNULL = YES;
				CLANG_CXX_LANGUAGE_STANDARD = "gnu++0x";
				CLANG_CXX_LIBRARY = "libc++";
				CLANG_ENABLE_MODULES = YES;
				CLANG_ENABLE_OBJC_ARC = YES;
				CLANG_WARN_BOOL_CONVERSION = YES;
				CLANG_WARN_CONSTANT_CONVERSION = YES;
				CLANG_WARN_DIRECT_OBJC_ISA_USAGE = YES_ERROR;
				CLANG_WARN_EMPTY_BODY = YES;
				CLANG_WARN_ENUM_CONVERSION = YES;
				CLANG_WARN_INT_CONVERSION = YES;
				CLANG_WARN_OBJC_ROOT_CLASS = YES_ERROR;
				CLANG_WARN_UNREACHABLE_CODE = YES;
				CLANG_WARN__DUPLICATE_METHOD_MATCH = YES;
				CODE_SIGN_IDENTITY = "-";
				COPY_PHASE_STRIP = NO;
				DEBUG_INFORMATION_FORMAT = dwarf;
				ENABLE_STRICT_OBJC_MSGSEND = YES;
				ENABLE_TESTABILITY = YES;
				GCC_C_LANGUAGE_STANDARD = gnu99;
				GCC_DYNAMIC_NO_PIC = NO;
				GCC_NO_COMMON_BLOCKS = YES;
				GCC_OPTIMIZATION_LEVEL = 0;
				GCC_PREPROCESSOR_DEFINITIONS = (
					"DEBUG=1",
					"$(inherited)",
				);
				GCC_WARN_64_TO_32_BIT_CONVERSION = YES;
				GCC_WARN_ABOUT_RETURN_TYPE = YES_ERROR;
				GCC_WARN_UNDECLARED_SELECTOR = YES;
				GCC_WARN_UNINITIALIZED_AUTOS = YES_AGGRESSIVE;
				GCC_WARN_UNUSED_FUNCTION = YES;
				GCC_WARN_UNUSED_VARIABLE = YES;
				MACOSX_DEPLOYMENT_TARGET = 10.11;
				MTL_ENABLE_DEBUG_INFO = YES;
				ONLY_ACTIVE_ARCH = YES;
				SDKROOT = macosx;
			};
			name = Debug;
		};
		302958581D71640300B0BEDC /* Release */ = {
			isa = XCBuildConfiguration;
			buildSettings = {
				ALWAYS_SEARCH_USER_PATHS = NO;
				CLANG_ANALYZER_NONNULL = YES;
				CLANG_CXX_LANGUAGE_STANDARD = "gnu++0x";
				CLANG_CXX_LIBRARY = "libc++";
				CLANG_ENABLE_MODULES = YES;
				CLANG_ENABLE_OBJC_ARC = YES;
				CLANG_WARN_BOOL_CONVERSION = YES;
				CLANG_WARN_CONSTANT_CONVERSION = YES;
				CLANG_WARN_DIRECT_OBJC_ISA_USAGE = YES_ERROR;
				CLANG_WARN_EMPTY_BODY = YES;
				CLANG_WARN_ENUM_CONVERSION = YES;
				CLANG_WARN_INT_CONVERSION = YES;
				CLANG_WARN_OBJC_ROOT_CLASS = YES_ERROR;
				CLANG_WARN_UNREACHABLE_CODE = YES;
				CLANG_WARN__DUPLICATE_METHOD_MATCH = YES;
				CODE_SIGN_IDENTITY = "-";
				COPY_PHASE_STRIP = NO;
				DEBUG_INFORMATION_FORMAT = "dwarf-with-dsym";
				ENABLE_NS_ASSERTIONS = NO;
				ENABLE_STRICT_OBJC_MSGSEND = YES;
				GCC_C_LANGUAGE_STANDARD = gnu99;
				GCC_NO_COMMON_BLOCKS = YES;
				GCC_WARN_64_TO_32_BIT_CONVERSION = YES;
				GCC_WARN_ABOUT_RETURN_TYPE = YES_ERROR;
				GCC_WARN_UNDECLARED_SELECTOR = YES;
				GCC_WARN_UNINITIALIZED_AUTOS = YES_AGGRESSIVE;
				GCC_WARN_UNUSED_FUNCTION = YES;
				GCC_WARN_UNUSED_VARIABLE = YES;
				MACOSX_DEPLOYMENT_TARGET = 10.11;
				MTL_ENABLE_DEBUG_INFO = NO;
				SDKROOT = macosx;
			};
			name = Release;
		};
		3029585A1D71640300B0BEDC /* Debug */ = {
			isa = XCBuildConfiguration;
			buildSettings = {
				PRODUCT_NAME = "$(TARGET_NAME)";
			};
			name = Debug;
		};
		3029585B1D71640300B0BEDC /* Release */ = {
			isa = XCBuildConfiguration;
			buildSettings = {
				PRODUCT_NAME = "$(TARGET_NAME)";
			};
			name = Release;
		};
/* End XCBuildConfiguration section */

/* Begin XCConfigurationList section */
		3029584D1D71640300B0BEDC /* Build configuration list for PBXProject "LinkSize" */ = {
			isa = XCConfigurationList;
			buildConfigurations = (
				302958571D71640300B0BEDC /* Debug */,
				302958581D71640300B0BEDC /* Release */,
			);
			defaultConfigurationIsVisible = 0;
			defaultConfigurationName = Release;
		};
		302958591D71640300B0BEDC /* Build configuration list for PBXNativeTarget "LinkSize" */ = {
			isa = XCConfigurationList;
			buildConfigurations = (
				3029585A1D71640300B0BEDC /* Debug */,
				3029585B1D71640300B0BEDC /* Release */,
			);
			defaultConfigurationIsVisible = 0;
			defaultConfigurationName = Release;
		};
/* End XCConfigurationList section */
	};
	rootObject = 3029584A1D71640300B0BEDC /* Project object */;
}
